// !$*UTF8*$!
{
	archiveVersion = 1;
	classes = {
	};
	objectVersion = 46;
	objects = {

/* Begin PBXBuildFile section */
		FAF2C5E31CADFF9F00FF0E28 /* main.swift in Sources */ = {isa = PBXBuildFile; fileRef = FAF2C5E21CADFF9F00FF0E28 /* main.swift */; };
		FAF2C5E41CAE040C00FF0E28 /* libX11.6.dylib in Frameworks */ = {isa = PBXBuildFile; fileRef = FA9B106F1CADFD540086E101 /* libX11.6.dylib */; };
/* End PBXBuildFile section */

/* Begin PBXCopyFilesBuildPhase section */
		FA9B10611CADFD2A0086E101 /* CopyFiles */ = {
			isa = PBXCopyFilesBuildPhase;
			buildActionMask = 2147483647;
			dstPath = /usr/share/man/man1/;
			dstSubfolderSpec = 0;
			files = (
			);
			runOnlyForDeploymentPostprocessing = 1;
		};
/* End PBXCopyFilesBuildPhase section */

/* Begin PBXFileReference section */
		FA9B10631CADFD2A0086E101 /* swift-x11-xcode-example */ = {isa = PBXFileReference; explicitFileType = "compiled.mach-o.executable"; includeInIndex = 0; path = "swift-x11-xcode-example"; sourceTree = BUILT_PRODUCTS_DIR; };
		FA9B106F1CADFD540086E101 /* libX11.6.dylib */ = {isa = PBXFileReference; lastKnownFileType = "compiled.mach-o.dylib"; name = libX11.6.dylib; path = ../../../../opt/X11/lib/libX11.6.dylib; sourceTree = "<group>"; };
		FAF2C5E21CADFF9F00FF0E28 /* main.swift */ = {isa = PBXFileReference; fileEncoding = 4; lastKnownFileType = sourcecode.swift; path = main.swift; sourceTree = "<group>"; };
/* End PBXFileReference section */

/* Begin PBXFrameworksBuildPhase section */
		FA9B10601CADFD2A0086E101 /* Frameworks */ = {
			isa = PBXFrameworksBuildPhase;
			buildActionMask = 2147483647;
			files = (
				FAF2C5E41CAE040C00FF0E28 /* libX11.6.dylib in Frameworks */,
			);
			runOnlyForDeploymentPostprocessing = 0;
		};
/* End PBXFrameworksBuildPhase section */

/* Begin PBXGroup section */
		FA9B105A1CADFD2A0086E101 = {
			isa = PBXGroup;
			children = (
				FA9B106F1CADFD540086E101 /* libX11.6.dylib */,
				FA9B10651CADFD2A0086E101 /* swift-x11-xcode-example */,
				FA9B10641CADFD2A0086E101 /* Products */,
			);
			sourceTree = "<group>";
		};
		FA9B10641CADFD2A0086E101 /* Products */ = {
			isa = PBXGroup;
			children = (
				FA9B10631CADFD2A0086E101 /* swift-x11-xcode-example */,
			);
			name = Products;
			sourceTree = "<group>";
		};
		FA9B10651CADFD2A0086E101 /* swift-x11-xcode-example */ = {
			isa = PBXGroup;
			children = (
				FAF2C5E21CADFF9F00FF0E28 /* main.swift */,
			);
			path = "swift-x11-xcode-example";
			sourceTree = "<group>";
		};
/* End PBXGroup section */

/* Begin PBXNativeTarget section */
		FA9B10621CADFD2A0086E101 /* swift-x11-xcode-example */ = {
			isa = PBXNativeTarget;
			buildConfigurationList = FA9B106A1CADFD2A0086E101 /* Build configuration list for PBXNativeTarget "swift-x11-xcode-example" */;
			buildPhases = (
				FA9B105F1CADFD2A0086E101 /* Sources */,
				FA9B10601CADFD2A0086E101 /* Frameworks */,
				FA9B10611CADFD2A0086E101 /* CopyFiles */,
			);
			buildRules = (
			);
			dependencies = (
			);
			name = "swift-x11-xcode-example";
			productName = "swift-x11-xcode-example";
			productReference = FA9B10631CADFD2A0086E101 /* swift-x11-xcode-example */;
			productType = "com.apple.product-type.tool";
		};
/* End PBXNativeTarget section */

/* Begin PBXProject section */
		FA9B105B1CADFD2A0086E101 /* Project object */ = {
			isa = PBXProject;
			attributes = {
				LastSwiftUpdateCheck = 0730;
				LastUpgradeCheck = 0730;
				ORGANIZATIONNAME = "Alex Cummaudo";
				TargetAttributes = {
					FA9B10621CADFD2A0086E101 = {
						CreatedOnToolsVersion = 7.3;
					};
				};
			};
			buildConfigurationList = FA9B105E1CADFD2A0086E101 /* Build configuration list for PBXProject "swift-x11-xcode-example" */;
			compatibilityVersion = "Xcode 3.2";
			developmentRegion = English;
			hasScannedForEncodings = 0;
			knownRegions = (
				en,
			);
			mainGroup = FA9B105A1CADFD2A0086E101;
			productRefGroup = FA9B10641CADFD2A0086E101 /* Products */;
			projectDirPath = "";
			projectRoot = "";
			targets = (
				FA9B10621CADFD2A0086E101 /* swift-x11-xcode-example */,
			);
		};
/* End PBXProject section */

/* Begin PBXSourcesBuildPhase section */
		FA9B105F1CADFD2A0086E101 /* Sources */ = {
			isa = PBXSourcesBuildPhase;
			buildActionMask = 2147483647;
			files = (
				FAF2C5E31CADFF9F00FF0E28 /* main.swift in Sources */,
			);
			runOnlyForDeploymentPostprocessing = 0;
		};
/* End PBXSourcesBuildPhase section */

/* Begin XCBuildConfiguration section */
		FA9B10681CADFD2A0086E101 /* Debug */ = {
			isa = XCBuildConfiguration;
			buildSettings = {
				ALWAYS_SEARCH_USER_PATHS = NO;
				CLANG_ANALYZER_NONNULL = YES;
				CLANG_CXX_LANGUAGE_STANDARD = "gnu++0x";
				CLANG_CXX_LIBRARY = "libc++";
				CLANG_ENABLE_MODULES = YES;
				CLANG_ENABLE_OBJC_ARC = YES;
				CLANG_WARN_BOOL_CONVERSION = YES;
				CLANG_WARN_CONSTANT_CONVERSION = YES;
				CLANG_WARN_DIRECT_OBJC_ISA_USAGE = YES_ERROR;
				CLANG_WARN_EMPTY_BODY = YES;
				CLANG_WARN_ENUM_CONVERSION = YES;
				CLANG_WARN_INT_CONVERSION = YES;
				CLANG_WARN_OBJC_ROOT_CLASS = YES_ERROR;
				CLANG_WARN_UNREACHABLE_CODE = YES;
				CLANG_WARN__DUPLICATE_METHOD_MATCH = YES;
				CODE_SIGN_IDENTITY = "-";
				COPY_PHASE_STRIP = NO;
				DEBUG_INFORMATION_FORMAT = dwarf;
				ENABLE_STRICT_OBJC_MSGSEND = YES;
				ENABLE_TESTABILITY = YES;
				GCC_C_LANGUAGE_STANDARD = gnu99;
				GCC_DYNAMIC_NO_PIC = NO;
				GCC_NO_COMMON_BLOCKS = YES;
				GCC_OPTIMIZATION_LEVEL = 0;
				GCC_PREPROCESSOR_DEFINITIONS = (
					"DEBUG=1",
					"$(inherited)",
				);
				GCC_WARN_64_TO_32_BIT_CONVERSION = YES;
				GCC_WARN_ABOUT_RETURN_TYPE = YES_ERROR;
				GCC_WARN_UNDECLARED_SELECTOR = YES;
				GCC_WARN_UNINITIALIZED_AUTOS = YES_AGGRESSIVE;
				GCC_WARN_UNUSED_FUNCTION = YES;
				GCC_WARN_UNUSED_VARIABLE = YES;
				MACOSX_DEPLOYMENT_TARGET = 10.11;
				MTL_ENABLE_DEBUG_INFO = YES;
				ONLY_ACTIVE_ARCH = YES;
				SDKROOT = macosx;
				SWIFT_OPTIMIZATION_LEVEL = "-Onone";
			};
			name = Debug;
		};
		FA9B10691CADFD2A0086E101 /* Release */ = {
			isa = XCBuildConfiguration;
			buildSettings = {
				ALWAYS_SEARCH_USER_PATHS = NO;
				CLANG_ANALYZER_NONNULL = YES;
				CLANG_CXX_LANGUAGE_STANDARD = "gnu++0x";
				CLANG_CXX_LIBRARY = "libc++";
				CLANG_ENABLE_MODULES = YES;
				CLANG_ENABLE_OBJC_ARC = YES;
				CLANG_WARN_BOOL_CONVERSION = YES;
				CLANG_WARN_CONSTANT_CONVERSION = YES;
				CLANG_WARN_DIRECT_OBJC_ISA_USAGE = YES_ERROR;
				CLANG_WARN_EMPTY_BODY = YES;
				CLANG_WARN_ENUM_CONVERSION = YES;
				CLANG_WARN_INT_CONVERSION = YES;
				CLANG_WARN_OBJC_ROOT_CLASS = YES_ERROR;
				CLANG_WARN_UNREACHABLE_CODE = YES;
				CLANG_WARN__DUPLICATE_METHOD_MATCH = YES;
				CODE_SIGN_IDENTITY = "-";
				COPY_PHASE_STRIP = NO;
				DEBUG_INFORMATION_FORMAT = "dwarf-with-dsym";
				ENABLE_NS_ASSERTIONS = NO;
				ENABLE_STRICT_OBJC_MSGSEND = YES;
				GCC_C_LANGUAGE_STANDARD = gnu99;
				GCC_NO_COMMON_BLOCKS = YES;
				GCC_WARN_64_TO_32_BIT_CONVERSION = YES;
				GCC_WARN_ABOUT_RETURN_TYPE = YES_ERROR;
				GCC_WARN_UNDECLARED_SELECTOR = YES;
				GCC_WARN_UNINITIALIZED_AUTOS = YES_AGGRESSIVE;
				GCC_WARN_UNUSED_FUNCTION = YES;
				GCC_WARN_UNUSED_VARIABLE = YES;
				MACOSX_DEPLOYMENT_TARGET = 10.11;
				MTL_ENABLE_DEBUG_INFO = NO;
				SDKROOT = macosx;
			};
			name = Release;
		};
		FA9B106B1CADFD2A0086E101 /* Debug */ = {
			isa = XCBuildConfiguration;
			buildSettings = {
				CLANG_ENABLE_MODULES = YES;
				LD_RUNPATH_SEARCH_PATHS = "$(inherited) @executable_path/../Frameworks @loader_path/../Frameworks";
				LIBRARY_SEARCH_PATHS = (
					"$(inherited)",
					/opt/X11/lib,
				);
				PRODUCT_NAME = "$(TARGET_NAME)";
				SWIFT_INCLUDE_PATHS = "$(SRCROOT)/CX11 /usr/local/include/X11";
				SWIFT_OPTIMIZATION_LEVEL = "-Onone";
			};
			name = Debug;
		};
		FA9B106C1CADFD2A0086E101 /* Release */ = {
			isa = XCBuildConfiguration;
			buildSettings = {
				CLANG_ENABLE_MODULES = YES;
				LD_RUNPATH_SEARCH_PATHS = "$(inherited) @executable_path/../Frameworks @loader_path/../Frameworks";
				LIBRARY_SEARCH_PATHS = (
					"$(inherited)",
					/opt/X11/lib,
				);
				PRODUCT_NAME = "$(TARGET_NAME)";
				SWIFT_INCLUDE_PATHS = "$(SRCROOT)/CX11 /usr/local/include/X11";
			};
			name = Release;
		};
/* End XCBuildConfiguration section */

/* Begin XCConfigurationList section */
		FA9B105E1CADFD2A0086E101 /* Build configuration list for PBXProject "swift-x11-xcode-example" */ = {
			isa = XCConfigurationList;
			buildConfigurations = (
				FA9B10681CADFD2A0086E101 /* Debug */,
				FA9B10691CADFD2A0086E101 /* Release */,
			);
			defaultConfigurationIsVisible = 0;
			defaultConfigurationName = Release;
		};
		FA9B106A1CADFD2A0086E101 /* Build configuration list for PBXNativeTarget "swift-x11-xcode-example" */ = {
			isa = XCConfigurationList;
			buildConfigurations = (
				FA9B106B1CADFD2A0086E101 /* Debug */,
				FA9B106C1CADFD2A0086E101 /* Release */,
			);
			defaultConfigurationIsVisible = 0;
			defaultConfigurationName = Release;
		};
/* End XCConfigurationList section */
	};
	rootObject = FA9B105B1CADFD2A0086E101 /* Project object */;
}
